
Microsoft Visual Studio Solution File, Format Version 12.00
# Visual Studio Version 17
VisualStudioVersion = 17.5.33209.295
MinimumVisualStudioVersion = 10.0.40219.1
Project("{8BC9CEB8-8B4A-11D0-8D11-00A0C91BC942}") = "Tests", "Tests\Tests.vcxproj", "{1A3D36D4-95E6-4183-84CB-C995C349A99D}"
EndProject
Global
	GlobalSection(SolutionConfigurationPlatforms) = preSolution
		Debug|x64 = Debug|x64
		Debug|x86 = Debug|x86
		Release|x64 = Release|x64
		Release|x86 = Release|x86
	EndGlobalSection
	GlobalSection(ProjectConfigurationPlatforms) = postSolution
		{1A3D36D4-95E6-4183-84CB-C995C349A99D}.Debug|x64.ActiveCfg = Debug|x64
		{1A3D36D4-95E6-4183-84CB-C995C349A99D}.Debug|x64.Build.0 = Debug|x64
		{1A3D36D4-95E6-4183-84CB-C995C349A99D}.Debug|x86.ActiveCfg = Debug|Win32
		{1A3D36D4-95E6-4183-84CB-C995C349A99D}.Debug|x86.Build.0 = Debug|Win32
		{1A3D36D4-95E6-4183-84CB-C995C349A99D}.Release|x64.ActiveCfg = Release|x64
		{1A3D36D4-95E6-4183-84CB-C995C349A99D}.Release|x64.Build.0 = Release|x64
		{1A3D36D4-95E6-4183-84CB-C995C349A99D}.Release|x86.ActiveCfg = Release|Win32
		{1A3D36D4-95E6-4183-84CB-C995C349A99D}.Release|x86.Build.0 = Release|Win32
	EndGlobalSection
	GlobalSection(SolutionProperties) = preSolution
		HideSolutionNode = FALSE
	EndGlobalSection
	GlobalSection(ExtensibilityGlobals) = postSolution
		SolutionGuid = {5F44D1E0-3DE2-4825-877B-AC0B863589FC}
	EndGlobalSection
EndGlobal
